
Microsoft Visual Studio Solution File, Format Version 12.00
# Visual Studio Version 17
VisualStudioVersion = 17.12.35707.178
MinimumVisualStudioVersion = 10.0.40219.1
Project("{FAE04EC0-301F-11D3-BF4B-00C04F79EFBC}") = "Project_O", "Project_O\Project_O.csproj", "{3A7C718A-DA94-4BFD-BDAF-2E56C33FC72D}"
EndProject
Project("{FAE04EC0-301F-11D3-BF4B-00C04F79EFBC}") = "KeyGen", "KeyGen\KeyGen.csproj", "{2CC84E26-2DCA-4982-9ACD-77E5E6A4918E}"
EndProject
Global
	GlobalSection(SolutionConfigurationPlatforms) = preSolution
		Debug|Any CPU = Debug|Any CPU
		Release|Any CPU = Release|Any CPU
	EndGlobalSection
	GlobalSection(ProjectConfigurationPlatforms) = postSolution
		{3A7C718A-DA94-4BFD-BDAF-2E56C33FC72D}.Debug|Any CPU.ActiveCfg = Debug|Any CPU
		{3A7C718A-DA94-4BFD-BDAF-2E56C33FC72D}.Debug|Any CPU.Build.0 = Debug|Any CPU
		{3A7C718A-DA94-4BFD-BDAF-2E56C33FC72D}.Release|Any CPU.ActiveCfg = Release|Any CPU
		{3A7C718A-DA94-4BFD-BDAF-2E56C33FC72D}.Release|Any CPU.Build.0 = Release|Any CPU
		{2CC84E26-2DCA-4982-9ACD-77E5E6A4918E}.Debug|Any CPU.ActiveCfg = Debug|Any CPU
		{2CC84E26-2DCA-4982-9ACD-77E5E6A4918E}.Debug|Any CPU.Build.0 = Debug|Any CPU
		{2CC84E26-2DCA-4982-9ACD-77E5E6A4918E}.Release|Any CPU.ActiveCfg = Release|Any CPU
		{2CC84E26-2DCA-4982-9ACD-77E5E6A4918E}.Release|Any CPU.Build.0 = Release|Any CPU
	EndGlobalSection
	GlobalSection(SolutionProperties) = preSolution
		HideSolutionNode = FALSE
	EndGlobalSection
	GlobalSection(ExtensibilityGlobals) = postSolution
		SolutionGuid = {8F73B7DE-FEA5-4864-85E4-178AE518505B}
	EndGlobalSection
EndGlobal
